{
  "name": "mailosaur",
  "version": "1.0.0",
  "lockfileVersion": 3,
  "requires": true,
  "packages": {
    "": {
      "name": "mailosaur",
      "version": "1.0.0",
      "license": "ISC",
      "dependencies": {
        "mailosaur": "^8.7.0"
      },
      "devDependencies": {
        "@playwright/test": "^1.48.1",
        "@types/node": "^22.7.7"
      }
    },
    "node_modules/@playwright/test": {
      "version": "1.48.1",
      "resolved": "https://registry.npmjs.org/@playwright/test/-/test-1.48.1.tgz",
      "integrity": "sha512-s9RtWoxkOLmRJdw3oFvhFbs9OJS0BzrLUc8Hf6l2UdCNd1rqeEyD4BhCJkvzeEoD1FsK4mirsWwGerhVmYKtZg==",
      "dev": true,
      "dependencies": {
        "playwright": "1.48.1"
      },
      "bin": {
        "playwright": "cli.js"
      },
      "engines": {
        "node": ">=18"
      }
    },
    "node_modules/@types/node": {
      "version": "22.7.7",
      "resolved": "https://registry.npmjs.org/@types/node/-/node-22.7.7.tgz",
      "integrity": "sha512-SRxCrrg9CL/y54aiMCG3edPKdprgMVGDXjA3gB8UmmBW5TcXzRUYAh8EWzTnSJFAd1rgImPELza+A3bJ+qxz8Q==",
      "dev": true,
      "dependencies": {
        "undici-types": "~6.19.2"
      }
    },
    "node_modules/agent-base": {
      "version": "6.0.2",
      "resolved": "https://registry.npmjs.org/agent-base/-/agent-base-6.0.2.tgz",
      "integrity": "sha512-RZNwNclF7+MS/8bDg70amg32dyeZGZxiDuQmZxKLAlQjr3jGyLx+4Kkk58UO7D2QdgFIQCovuSuZESne6RG6XQ==",
      "dependencies": {
        "debug": "4"
      },
      "engines": {
        "node": ">= 6.0.0"
      }
    },
    "node_modules/debug": {
      "version": "4.3.7",
      "resolved": "https://registry.npmjs.org/debug/-/debug-4.3.7.tgz",
      "integrity": "sha512-Er2nc/H7RrMXZBFCEim6TCmMk02Z8vLC2Rbi1KEBggpo0fS6l0S1nnapwmIi3yW/+GOJap1Krg4w0Hg80oCqgQ==",
      "dependencies": {
        "ms": "^2.1.3"
      },
      "engines": {
        "node": ">=6.0"
      },
      "peerDependenciesMeta": {
        "supports-color": {
          "optional": true
        }
      }
    },
    "node_modules/fsevents": {
      "version": "2.3.2",
      "resolved": "https://registry.npmjs.org/fsevents/-/fsevents-2.3.2.tgz",
      "integrity": "sha512-xiqMQR4xAeHTuB9uWm+fFRcIOgKBMiOBP+eXiyT7jsgVCq1bkVygt00oASowB7EdtpOHaaPgKt812P9ab+DDKA==",
      "dev": true,
      "hasInstallScript": true,
      "optional": true,
      "os": [
        "darwin"
      ],
      "engines": {
        "node": "^8.16.0 || ^10.6.0 || >=11.0.0"
      }
    },
    "node_modules/https-proxy-agent": {
      "version": "5.0.1",
      "resolved": "https://registry.npmjs.org/https-proxy-agent/-/https-proxy-agent-5.0.1.tgz",
      "integrity": "sha512-dFcAjpTQFgoLMzC2VwU+C/CbS7uRL0lWmxDITmqm7C+7F0Odmj6s9l6alZc6AELXhrnggM2CeWSXHGOdX2YtwA==",
      "dependencies": {
        "agent-base": "6",
        "debug": "4"
      },
      "engines": {
        "node": ">= 6"
      }
    },
    "node_modules/mailosaur": {
      "version": "8.7.0",
      "resolved": "https://registry.npmjs.org/mailosaur/-/mailosaur-8.7.0.tgz",
      "integrity": "sha512-yBrq7MZCUfSwiPi4Un0LX8nwATyHXxCVB5iJoZpvIOK5MsGSOnO44do4+DGuIocQcI8t+lvWbBl8TvmsA6F69Q==",
      "dependencies": {
        "https-proxy-agent": "^5.0.0"
      },
      "engines": {
        "node": ">= v6.0.0"
      }
    },
    "node_modules/ms": {
      "version": "2.1.3",
      "resolved": "https://registry.npmjs.org/ms/-/ms-2.1.3.tgz",
      "integrity": "sha512-6FlzubTLZG3J2a/NVCAleEhjzq5oxgHyaCU9yYXvcLsvoVaHJq/s5xXI6/XXP6tz7R9xAOtHnSO/tXtF3WRTlA=="
    },
    "node_modules/playwright": {
      "version": "1.48.1",
      "resolved": "https://registry.npmjs.org/playwright/-/playwright-1.48.1.tgz",
      "integrity": "sha512-j8CiHW/V6HxmbntOfyB4+T/uk08tBy6ph0MpBXwuoofkSnLmlfdYNNkFTYD6ofzzlSqLA1fwH4vwvVFvJgLN0w==",
      "dev": true,
      "dependencies": {
        "playwright-core": "1.48.1"
      },
      "bin": {
        "playwright": "cli.js"
      },
      "engines": {
        "node": ">=18"
      },
      "optionalDependencies": {
        "fsevents": "2.3.2"
      }
    },
    "node_modules/playwright-core": {
      "version": "1.48.1",
      "resolved": "https://registry.npmjs.org/playwright-core/-/playwright-core-1.48.1.tgz",
      "integrity": "sha512-Yw/t4VAFX/bBr1OzwCuOMZkY1Cnb4z/doAFSwf4huqAGWmf9eMNjmK7NiOljCdLmxeRYcGPPmcDgU0zOlzP0YA==",
      "dev": true,
      "bin": {
        "playwright-core": "cli.js"
      },
      "engines": {
        "node": ">=18"
      }
    },
    "node_modules/undici-types": {
      "version": "6.19.8",
      "resolved": "https://registry.npmjs.org/undici-types/-/undici-types-6.19.8.tgz",
      "integrity": "sha512-ve2KP6f/JnbPBFyobGHuerC9g1FYGn/F8n1LWTwNxCEzd6IfqTwUQcNXgEtmmQ6DlRrC1hrSrBnCZPokRrDHjw==",
      "dev": true
    }
  }
}
